// !$*UTF8*$!
{
	archiveVersion = 1;
	classes = {
	};
	objectVersion = 46;
	objects = {

/* Begin PBXBuildFile section */
		681AE39B1CAF6DAB0029E962 /* main.swift in Sources */ = {isa = PBXBuildFile; fileRef = 681AE39A1CAF6DAB0029E962 /* main.swift */; };
/* End PBXBuildFile section */

/* Begin PBXCopyFilesBuildPhase section */
		681AE3951CAF6DAB0029E962 /* CopyFiles */ = {
			isa = PBXCopyFilesBuildPhase;
			buildActionMask = 2147483647;
			dstPath = /usr/share/man/man1/;
			dstSubfolderSpec = 0;
			files = (
			);
			runOnlyForDeploymentPostprocessing = 1;
		};
/* End PBXCopyFilesBuildPhase section */

/* Begin PBXFileReference section */
		681AE3971CAF6DAB0029E962 /* 03-运算符 */ = {isa = PBXFileReference; explicitFileType = "compiled.mach-o.executable"; includeInIndex = 0; path = "03-运算符"; sourceTree = BUILT_PRODUCTS_DIR; };
		681AE39A1CAF6DAB0029E962 /* main.swift */ = {isa = PBXFileReference; lastKnownFileType = sourcecode.swift; path = main.swift; sourceTree = "<group>"; };
/* End PBXFileReference section */

/* Begin PBXFrameworksBuildPhase section */
		681AE3941CAF6DAB0029E962 /* Frameworks */ = {
			isa = PBXFrameworksBuildPhase;
			buildActionMask = 2147483647;
			files = (
			);
			runOnlyForDeploymentPostprocessing = 0;
		};
/* End PBXFrameworksBuildPhase section */

/* Begin PBXGroup section */
		681AE38E1CAF6DAB0029E962 = {
			isa = PBXGroup;
			children = (
				681AE3991CAF6DAB0029E962 /* 03-运算符 */,
				681AE3981CAF6DAB0029E962 /* Products */,
			);
			sourceTree = "<group>";
		};
		681AE3981CAF6DAB0029E962 /* Products */ = {
			isa = PBXGroup;
			children = (
				681AE3971CAF6DAB0029E962 /* 03-运算符 */,
			);
			name = Products;
			sourceTree = "<group>";
		};
		681AE3991CAF6DAB0029E962 /* 03-运算符 */ = {
			isa = PBXGroup;
			children = (
				681AE39A1CAF6DAB0029E962 /* main.swift */,
			);
			path = "03-运算符";
			sourceTree = "<group>";
		};
/* End PBXGroup section */

/* Begin PBXNativeTarget section */
		681AE3961CAF6DAB0029E962 /* 03-运算符 */ = {
			isa = PBXNativeTarget;
			buildConfigurationList = 681AE39E1CAF6DAB0029E962 /* Build configuration list for PBXNativeTarget "03-运算符" */;
			buildPhases = (
				681AE3931CAF6DAB0029E962 /* Sources */,
				681AE3941CAF6DAB0029E962 /* Frameworks */,
				681AE3951CAF6DAB0029E962 /* CopyFiles */,
			);
			buildRules = (
			);
			dependencies = (
			);
			name = "03-运算符";
			productName = "03-运算符";
			productReference = 681AE3971CAF6DAB0029E962 /* 03-运算符 */;
			productType = "com.apple.product-type.tool";
		};
/* End PBXNativeTarget section */

/* Begin PBXProject section */
		681AE38F1CAF6DAB0029E962 /* Project object */ = {
			isa = PBXProject;
			attributes = {
				LastSwiftUpdateCheck = 0720;
				LastUpgradeCheck = 0720;
				ORGANIZATIONNAME = "高军";
				TargetAttributes = {
					681AE3961CAF6DAB0029E962 = {
						CreatedOnToolsVersion = 7.2;
					};
				};
			};
			buildConfigurationList = 681AE3921CAF6DAB0029E962 /* Build configuration list for PBXProject "03-运算符" */;
			compatibilityVersion = "Xcode 3.2";
			developmentRegion = English;
			hasScannedForEncodings = 0;
			knownRegions = (
				en,
			);
			mainGroup = 681AE38E1CAF6DAB0029E962;
			productRefGroup = 681AE3981CAF6DAB0029E962 /* Products */;
			projectDirPath = "";
			projectRoot = "";
			targets = (
				681AE3961CAF6DAB0029E962 /* 03-运算符 */,
			);
		};
/* End PBXProject section */

/* Begin PBXSourcesBuildPhase section */
		681AE3931CAF6DAB0029E962 /* Sources */ = {
			isa = PBXSourcesBuildPhase;
			buildActionMask = 2147483647;
			files = (
				681AE39B1CAF6DAB0029E962 /* main.swift in Sources */,
			);
			runOnlyForDeploymentPostprocessing = 0;
		};
/* End PBXSourcesBuildPhase section */

/* Begin XCBuildConfiguration section */
		681AE39C1CAF6DAB0029E962 /* Debug */ = {
			isa = XCBuildConfiguration;
			buildSettings = {
				ALWAYS_SEARCH_USER_PATHS = NO;
				CLANG_CXX_LANGUAGE_STANDARD = "gnu++0x";
				CLANG_CXX_LIBRARY = "libc++";
				CLANG_ENABLE_MODULES = YES;
				CLANG_ENABLE_OBJC_ARC = YES;
				CLANG_WARN_BOOL_CONVERSION = YES;
				CLANG_WARN_CONSTANT_CONVERSION = YES;
				CLANG_WARN_DIRECT_OBJC_ISA_USAGE = YES_ERROR;
				CLANG_WARN_EMPTY_BODY = YES;
				CLANG_WARN_ENUM_CONVERSION = YES;
				CLANG_WARN_INT_CONVERSION = YES;
				CLANG_WARN_OBJC_ROOT_CLASS = YES_ERROR;
				CLANG_WARN_UNREACHABLE_CODE = YES;
				CLANG_WARN__DUPLICATE_METHOD_MATCH = YES;
				CODE_SIGN_IDENTITY = "-";
				COPY_PHASE_STRIP = NO;
				DEBUG_INFORMATION_FORMAT = dwarf;
				ENABLE_STRICT_OBJC_MSGSEND = YES;
				ENABLE_TESTABILITY = YES;
				GCC_C_LANGUAGE_STANDARD = gnu99;
				GCC_DYNAMIC_NO_PIC = NO;
				GCC_NO_COMMON_BLOCKS = YES;
				GCC_OPTIMIZATION_LEVEL = 0;
				GCC_PREPROCESSOR_DEFINITIONS = (
					"DEBUG=1",
					"$(inherited)",
				);
				GCC_WARN_64_TO_32_BIT_CONVERSION = YES;
				GCC_WARN_ABOUT_RETURN_TYPE = YES_ERROR;
				GCC_WARN_UNDECLARED_SELECTOR = YES;
				GCC_WARN_UNINITIALIZED_AUTOS = YES_AGGRESSIVE;
				GCC_WARN_UNUSED_FUNCTION = YES;
				GCC_WARN_UNUSED_VARIABLE = YES;
				MACOSX_DEPLOYMENT_TARGET = 10.11;
				MTL_ENABLE_DEBUG_INFO = YES;
				ONLY_ACTIVE_ARCH = YES;
				SDKROOT = macosx;
				SWIFT_OPTIMIZATION_LEVEL = "-Onone";
			};
			name = Debug;
		};
		681AE39D1CAF6DAB0029E962 /* Release */ = {
			isa = XCBuildConfiguration;
			buildSettings = {
				ALWAYS_SEARCH_USER_PATHS = NO;
				CLANG_CXX_LANGUAGE_STANDARD = "gnu++0x";
				CLANG_CXX_LIBRARY = "libc++";
				CLANG_ENABLE_MODULES = YES;
				CLANG_ENABLE_OBJC_ARC = YES;
				CLANG_WARN_BOOL_CONVERSION = YES;
				CLANG_WARN_CONSTANT_CONVERSION = YES;
				CLANG_WARN_DIRECT_OBJC_ISA_USAGE = YES_ERROR;
				CLANG_WARN_EMPTY_BODY = YES;
				CLANG_WARN_ENUM_CONVERSION = YES;
				CLANG_WARN_INT_CONVERSION = YES;
				CLANG_WARN_OBJC_ROOT_CLASS = YES_ERROR;
				CLANG_WARN_UNREACHABLE_CODE = YES;
				CLANG_WARN__DUPLICATE_METHOD_MATCH = YES;
				CODE_SIGN_IDENTITY = "-";
				COPY_PHASE_STRIP = NO;
				DEBUG_INFORMATION_FORMAT = "dwarf-with-dsym";
				ENABLE_NS_ASSERTIONS = NO;
				ENABLE_STRICT_OBJC_MSGSEND = YES;
				GCC_C_LANGUAGE_STANDARD = gnu99;
				GCC_NO_COMMON_BLOCKS = YES;
				GCC_WARN_64_TO_32_BIT_CONVERSION = YES;
				GCC_WARN_ABOUT_RETURN_TYPE = YES_ERROR;
				GCC_WARN_UNDECLARED_SELECTOR = YES;
				GCC_WARN_UNINITIALIZED_AUTOS = YES_AGGRESSIVE;
				GCC_WARN_UNUSED_FUNCTION = YES;
				GCC_WARN_UNUSED_VARIABLE = YES;
				MACOSX_DEPLOYMENT_TARGET = 10.11;
				MTL_ENABLE_DEBUG_INFO = NO;
				SDKROOT = macosx;
			};
			name = Release;
		};
		681AE39F1CAF6DAB0029E962 /* Debug */ = {
			isa = XCBuildConfiguration;
			buildSettings = {
				PRODUCT_NAME = "$(TARGET_NAME)";
			};
			name = Debug;
		};
		681AE3A01CAF6DAB0029E962 /* Release */ = {
			isa = XCBuildConfiguration;
			buildSettings = {
				PRODUCT_NAME = "$(TARGET_NAME)";
			};
			name = Release;
		};
/* End XCBuildConfiguration section */

/* Begin XCConfigurationList section */
		681AE3921CAF6DAB0029E962 /* Build configuration list for PBXProject "03-运算符" */ = {
			isa = XCConfigurationList;
			buildConfigurations = (
				681AE39C1CAF6DAB0029E962 /* Debug */,
				681AE39D1CAF6DAB0029E962 /* Release */,
			);
			defaultConfigurationIsVisible = 0;
			defaultConfigurationName = Release;
		};
		681AE39E1CAF6DAB0029E962 /* Build configuration list for PBXNativeTarget "03-运算符" */ = {
			isa = XCConfigurationList;
			buildConfigurations = (
				681AE39F1CAF6DAB0029E962 /* Debug */,
				681AE3A01CAF6DAB0029E962 /* Release */,
			);
			defaultConfigurationIsVisible = 0;
		};
/* End XCConfigurationList section */
	};
	rootObject = 681AE38F1CAF6DAB0029E962 /* Project object */;
}
